# This file is automatically @generated by Cargo.
# It is not intended for manual editing.
version = 3

[[package]]
name = "bitflags"
version = "2.4.2"
source = "registry+https://github.com/rust-lang/crates.io-index"
checksum = "ed570934406eb16438a4e976b1b4500774099c13b8cb96eec99f620f05090ddf"

[[package]]
name = "obfuscate"
version = "0.1.0"
dependencies = [
 "wit-bindgen",
 "wit-bindgen-rt",
]

[[package]]
name = "wit-bindgen"
version = "0.24.0"
source = "registry+https://github.com/rust-lang/crates.io-index"
checksum = "9fb4e7653763780be47e38f479e9aa83c768aa6a3b2ed086dc2826fdbbb7e7f5"
dependencies = [
 "wit-bindgen-rt",
]

[[package]]
name = "wit-bindgen-rt"
version = "0.24.0"
source = "registry+https://github.com/rust-lang/crates.io-index"
checksum = "3b0780cf7046630ed70f689a098cd8d56c5c3b22f2a7379bbdb088879963ff96"
dependencies = [
 "bitflags",
]
